<?xml version="1.0" encoding="utf-8"?>
<Project ToolsVersion="4.0" xmlns="http://schemas.microsoft.com/developer/msbuild/2003">
  <ItemGroup>
    <Filter Include="Source Files">
      <UniqueIdentifier>{4FC737F1-C7A5-4376-A066-2A32D752A2FF}</UniqueIdentifier>
      <Extensions>cpp;cxx;c;def</Extensions>
    </Filter>
    <Filter Include="Header Files">
      <UniqueIdentifier>{93995380-89BD-4b04-88EB-625FBE52EBFB}</UniqueIdentifier>
      <Extensions>h</Extensions>
    </Filter>
    <Filter Include="Resource Files">
      <UniqueIdentifier>{D9D6E242-F8AF-46E4-B9FD-80ECBC20BA3E}</UniqueIdentifier>
      <Extensions>qrc;*</Extensions>
      <ParseFiles>false</ParseFiles>
    </Filter>
    <Filter Include="Generated Files">
      <UniqueIdentifier>{71ED8ED8-ACB9-4CE9-BBE1-E00B30144E11}</UniqueIdentifier>
      <Extensions>moc;h;cpp</Extensions>
      <SourceControlFiles>False</SourceControlFiles>
    </Filter>
    <Filter Include="Generated Files\Debug">
      <UniqueIdentifier>{0682d68b-b6b9-44a0-9032-3775a646eabe}</UniqueIdentifier>
      <Extensions>cpp;moc</Extensions>
      <SourceControlFiles>False</SourceControlFiles>
    </Filter>
    <Filter Include="Generated Files\Release">
      <UniqueIdentifier>{0fc6b12d-6a80-4056-94d5-1b4df7757b3b}</UniqueIdentifier>
      <Extensions>cpp;moc</Extensions>
      <SourceControlFiles>False</SourceControlFiles>
    </Filter>
  </ItemGroup>
  <ItemGroup>
    <ClCompile Include="main.cpp">
      <Filter>Source Files</Filter>
    </ClCompile>
    <ClCompile Include="..\Services\eventlog.cpp">
      <Filter>Source Files</Filter>
    </ClCompile>
    <ClCompile Include="GeneratedFiles\Debug\moc_eventlog.cpp">
      <Filter>Generated Files\Debug</Filter>
    </ClCompile>
    <ClCompile Include="GeneratedFiles\Release\moc_eventlog.cpp">
      <Filter>Generated Files\Release</Filter>
    </ClCompile>
    <ClCompile Include="..\Services\qservice.cpp">
      <Filter>Source Files</Filter>
    </ClCompile>
    <ClCompile Include="GeneratedFiles\Debug\moc_qservice.cpp">
      <Filter>Generated Files\Debug</Filter>
    </ClCompile>
    <ClCompile Include="GeneratedFiles\Release\moc_qservice.cpp">
      <Filter>Generated Files\Release</Filter>
    </ClCompile>
    <ClCompile Include="workerlog.cpp">
      <Filter>Source Files</Filter>
    </ClCompile>
    <ClCompile Include="GeneratedFiles\Debug\moc_workerlog.cpp">
      <Filter>Generated Files\Debug</Filter>
    </ClCompile>
    <ClCompile Include="GeneratedFiles\Release\moc_workerlog.cpp">
      <Filter>Generated Files\Release</Filter>
    </ClCompile>
    <ClCompile Include="http_worker.cpp">
      <Filter>Source Files</Filter>
    </ClCompile>
    <ClCompile Include="GeneratedFiles\Debug\moc_http_worker.cpp">
      <Filter>Generated Files\Debug</Filter>
    </ClCompile>
    <ClCompile Include="GeneratedFiles\Release\moc_http_worker.cpp">
      <Filter>Generated Files\Release</Filter>
    </ClCompile>
    <ClCompile Include="workerservice.cpp">
      <Filter>Source Files</Filter>
    </ClCompile>
    <ClCompile Include="GeneratedFiles\Debug\moc_workerservice.cpp">
      <Filter>Generated Files\Debug</Filter>
    </ClCompile>
    <ClCompile Include="GeneratedFiles\Release\moc_workerservice.cpp">
      <Filter>Generated Files\Release</Filter>
    </ClCompile>
    <ClCompile Include="http_hdr.cpp">
      <Filter>Source Files</Filter>
    </ClCompile>
    <ClCompile Include="http_resp.cpp">
      <Filter>Source Files</Filter>
    </ClCompile>
    <ClCompile Include="http_req.cpp">
      <Filter>Source Files</Filter>
    </ClCompile>
    <ClCompile Include="plugin.cpp">
      <Filter>Source Files</Filter>
    </ClCompile>
    <ClCompile Include="handler.cpp">
      <Filter>Source Files</Filter>
    </ClCompile>
    <ClCompile Include="file_handler.cpp">
      <Filter>Source Files</Filter>
    </ClCompile>
    <ClCompile Include="mime_handler.cpp">
      <Filter>Source Files</Filter>
    </ClCompile>
    <ClCompile Include="GeneratedFiles\Debug\moc_tlog_handler.cpp">
      <Filter>Generated Files\Debug</Filter>
    </ClCompile>
    <ClCompile Include="GeneratedFiles\Release\moc_tlog_handler.cpp">
      <Filter>Generated Files\Release</Filter>
    </ClCompile>
    <ClCompile Include="tlog_handler.cpp">
      <Filter>Source Files</Filter>
    </ClCompile>
    <ClCompile Include="default_error_handler.cpp">
      <Filter>Source Files</Filter>
    </ClCompile>
  </ItemGroup>
  <ItemGroup>
    <CustomBuild Include="..\Services\eventlog.h">
      <Filter>Header Files</Filter>
    </CustomBuild>
    <CustomBuild Include="..\Services\qservice.h">
      <Filter>Header Files</Filter>
    </CustomBuild>
    <CustomBuild Include="workerlog.h">
      <Filter>Header Files</Filter>
    </CustomBuild>
    <CustomBuild Include="http_worker.h">
      <Filter>Header Files</Filter>
    </CustomBuild>
    <CustomBuild Include="workerservice.h">
      <Filter>Header Files</Filter>
    </CustomBuild>
    <CustomBuild Include="..\winhttpd_messages\winhttpd_messages.h">
      <Filter>Header Files</Filter>
    </CustomBuild>
    <CustomBuild Include="http_hdr.h">
      <Filter>Header Files</Filter>
    </CustomBuild>
    <CustomBuild Include="http_resp.h">
      <Filter>Header Files</Filter>
    </CustomBuild>
    <CustomBuild Include="handler.h">
      <Filter>Header Files</Filter>
    </CustomBuild>
    <CustomBuild Include="http_consts.h">
      <Filter>Header Files</Filter>
    </CustomBuild>
    <CustomBuild Include="http_handler.h">
      <Filter>Header Files</Filter>
    </CustomBuild>
    <CustomBuild Include="http_req.h">
      <Filter>Header Files</Filter>
    </CustomBuild>
    <CustomBuild Include="plugin.h">
      <Filter>Header Files</Filter>
    </CustomBuild>
    <CustomBuild Include="tlog_handler.h">
      <Filter>Header Files</Filter>
    </CustomBuild>
  </ItemGroup>
  <ItemGroup>
    <ResourceCompile Include="winhttpd-worker.rc">
      <Filter>Resource Files</Filter>
    </ResourceCompile>
  </ItemGroup>
  <ItemGroup>
    <ClInclude Include="file_handler.h">
      <Filter>Header Files</Filter>
    </ClInclude>
    <ClInclude Include="mime_handler.h">
      <Filter>Header Files</Filter>
    </ClInclude>
    <ClInclude Include="default_error_handler.h">
      <Filter>Header Files</Filter>
    </ClInclude>
    <ClInclude Include="http_status_string.h">
      <Filter>Header Files</Filter>
    </ClInclude>
  </ItemGroup>
</Project>